
Microsoft Visual Studio Solution File, Format Version 12.00
# Visual Studio Version 17
VisualStudioVersion = 17.2.32616.157
MinimumVisualStudioVersion = 10.0.40219.1
Project("{FAE04EC0-301F-11D3-BF4B-00C04F79EFBC}") = "eShopSolution.WebApp", "eShopSolution.WebApp\eShopSolution.WebApp.csproj", "{804AACED-3010-43F1-9507-99AC220EB574}"
EndProject
Project("{FAE04EC0-301F-11D3-BF4B-00C04F79EFBC}") = "eShopSolution.Data", "eShopSolution.Data\eShopSolution.Data.csproj", "{A999098E-6DB1-4243-BACD-8D0BD25A73CC}"
EndProject
Project("{FAE04EC0-301F-11D3-BF4B-00C04F79EFBC}") = "eShopSolution.Application", "eShopSolution.Application\eShopSolution.Application.csproj", "{C90C2524-B8AD-4414-AEC8-8B2065F4EB16}"
EndProject
Global
	GlobalSection(SolutionConfigurationPlatforms) = preSolution
		Debug|Any CPU = Debug|Any CPU
		Release|Any CPU = Release|Any CPU
	EndGlobalSection
	GlobalSection(ProjectConfigurationPlatforms) = postSolution
		{804AACED-3010-43F1-9507-99AC220EB574}.Debug|Any CPU.ActiveCfg = Debug|Any CPU
		{804AACED-3010-43F1-9507-99AC220EB574}.Debug|Any CPU.Build.0 = Debug|Any CPU
		{804AACED-3010-43F1-9507-99AC220EB574}.Release|Any CPU.ActiveCfg = Release|Any CPU
		{804AACED-3010-43F1-9507-99AC220EB574}.Release|Any CPU.Build.0 = Release|Any CPU
		{A999098E-6DB1-4243-BACD-8D0BD25A73CC}.Debug|Any CPU.ActiveCfg = Debug|Any CPU
		{A999098E-6DB1-4243-BACD-8D0BD25A73CC}.Debug|Any CPU.Build.0 = Debug|Any CPU
		{A999098E-6DB1-4243-BACD-8D0BD25A73CC}.Release|Any CPU.ActiveCfg = Release|Any CPU
		{A999098E-6DB1-4243-BACD-8D0BD25A73CC}.Release|Any CPU.Build.0 = Release|Any CPU
		{C90C2524-B8AD-4414-AEC8-8B2065F4EB16}.Debug|Any CPU.ActiveCfg = Debug|Any CPU
		{C90C2524-B8AD-4414-AEC8-8B2065F4EB16}.Debug|Any CPU.Build.0 = Debug|Any CPU
		{C90C2524-B8AD-4414-AEC8-8B2065F4EB16}.Release|Any CPU.ActiveCfg = Release|Any CPU
		{C90C2524-B8AD-4414-AEC8-8B2065F4EB16}.Release|Any CPU.Build.0 = Release|Any CPU
	EndGlobalSection
	GlobalSection(SolutionProperties) = preSolution
		HideSolutionNode = FALSE
	EndGlobalSection
	GlobalSection(ExtensibilityGlobals) = postSolution
		SolutionGuid = {1BAC3F95-489C-4A02-A71B-442D330FA8AE}
	EndGlobalSection
EndGlobal
